
Microsoft Visual Studio Solution File, Format Version 12.00
# Visual Studio Version 16
VisualStudioVersion = 16.0.30128.74
MinimumVisualStudioVersion = 10.0.40219.1
Project("{2150E333-8FDC-42A3-9474-1A3956D46DE8}") = ".nuget", ".nuget", "{E426B2A6-0794-49AA-9C92-909ADF26262C}"
	ProjectSection(SolutionItems) = preProject
		NuGet.Config = NuGet.Config
	EndProjectSection
EndProject
Project("{2150E333-8FDC-42A3-9474-1A3956D46DE8}") = "1. Common", "1. Common", "{49BA55BA-94F1-4959-8B79-F2F6D9676BE2}"
EndProject
Project("{9A19103F-16F7-4668-BE54-9A1E7A4F7556}") = "MatrixTest.Models", "MatrixTest.Models\MatrixTest.Models.csproj", "{33501DF6-6C14-4135-8271-D3B9557483A8}"
EndProject
Project("{2150E333-8FDC-42A3-9474-1A3956D46DE8}") = "2. DAL", "2. DAL", "{B9AECCFA-E013-49B4-9B59-D3B266C7F11C}"
EndProject
Project("{FAE04EC0-301F-11D3-BF4B-00C04F79EFBC}") = "MatrixTest.DAL.Contracts", "MatrixTest.DAL.Contracts\MatrixTest.DAL.Contracts.csproj", "{A2480340-E1AE-49F7-94B2-5B942C6BB3C1}"
EndProject
Project("{FAE04EC0-301F-11D3-BF4B-00C04F79EFBC}") = "MatrixTest.DAL.Implementation", "MatrixTest.DAL.Implementation\MatrixTest.DAL.Implementation.csproj", "{442575D8-94E5-4D8E-86BB-CA97B314CA55}"
EndProject
Project("{FAE04EC0-301F-11D3-BF4B-00C04F79EFBC}") = "MatrixTest.DAL.Mock", "MatrixTest.DAL.Mock\MatrixTest.DAL.Mock.csproj", "{EEB87D21-BEC4-4ED8-BDD6-9450A2885252}"
EndProject
Project("{2150E333-8FDC-42A3-9474-1A3956D46DE8}") = "3. BL", "3. BL", "{7BAF0826-9030-442E-AD1D-2D930D220D89}"
EndProject
Project("{FAE04EC0-301F-11D3-BF4B-00C04F79EFBC}") = "MatrixTest.BL.Contracts", "MatrixTest.BL.Contracts\MatrixTest.BL.Contracts.csproj", "{3E88D184-F9DD-41F4-AF55-4BF2C19089F2}"
EndProject
Project("{FAE04EC0-301F-11D3-BF4B-00C04F79EFBC}") = "MatrixTest.BL.Implementation", "MatrixTest.BL.Implementation\MatrixTest.BL.Implementation.csproj", "{5BE56E5E-B153-418C-BCFD-DF58E48E6EF5}"
EndProject
Project("{2150E333-8FDC-42A3-9474-1A3956D46DE8}") = "4. Security", "4. Security", "{9649F0AB-0C1D-4938-92EA-2873823D7268}"
EndProject
Project("{FAE04EC0-301F-11D3-BF4B-00C04F79EFBC}") = "MatrixTest.Security.Contracts", "MatrixTest.Security.Contracts\MatrixTest.Security.Contracts.csproj", "{98029ED8-1641-4223-AF34-6A45539D5228}"
EndProject
Project("{FAE04EC0-301F-11D3-BF4B-00C04F79EFBC}") = "MatrixTest.Security.Implementation", "MatrixTest.Security.Implementation\MatrixTest.Security.Implementation.csproj", "{83C343BE-8957-4FEC-8BF9-DB359E3F798B}"
EndProject
Project("{FAE04EC0-301F-11D3-BF4B-00C04F79EFBC}") = "MatrixTest.Security.Mock", "MatrixTest.Security.Mock\MatrixTest.Security.Mock.csproj", "{BB82B22F-CA65-4A57-8F97-9DF1CC82AE72}"
EndProject
Project("{2150E333-8FDC-42A3-9474-1A3956D46DE8}") = "5. Web", "5. Web", "{8C94EB85-66DE-4729-B44C-A3FB538D55F4}"
EndProject
Project("{FAE04EC0-301F-11D3-BF4B-00C04F79EFBC}") = "MatrixTest.WebAPI", "MatrixTest.WebAPI\MatrixTest.WebAPI.csproj", "{FB7420AF-F392-4E87-89E0-D8126CC353D8}"
	ProjectSection(ProjectDependencies) = postProject
		{BB82B22F-CA65-4A57-8F97-9DF1CC82AE72} = {BB82B22F-CA65-4A57-8F97-9DF1CC82AE72}
		{A2480340-E1AE-49F7-94B2-5B942C6BB3C1} = {A2480340-E1AE-49F7-94B2-5B942C6BB3C1}
		{442575D8-94E5-4D8E-86BB-CA97B314CA55} = {442575D8-94E5-4D8E-86BB-CA97B314CA55}
		{5BE56E5E-B153-418C-BCFD-DF58E48E6EF5} = {5BE56E5E-B153-418C-BCFD-DF58E48E6EF5}
		{83C343BE-8957-4FEC-8BF9-DB359E3F798B} = {83C343BE-8957-4FEC-8BF9-DB359E3F798B}
		{EEB87D21-BEC4-4ED8-BDD6-9450A2885252} = {EEB87D21-BEC4-4ED8-BDD6-9450A2885252}
	EndProjectSection
EndProject
Global
	GlobalSection(SolutionConfigurationPlatforms) = preSolution
		Dev|Any CPU = Dev|Any CPU
		Prod|Any CPU = Prod|Any CPU
		Test|Any CPU = Test|Any CPU
	EndGlobalSection
	GlobalSection(ProjectConfigurationPlatforms) = postSolution
		{33501DF6-6C14-4135-8271-D3B9557483A8}.Dev|Any CPU.ActiveCfg = Dev|Any CPU
		{33501DF6-6C14-4135-8271-D3B9557483A8}.Dev|Any CPU.Build.0 = Dev|Any CPU
		{33501DF6-6C14-4135-8271-D3B9557483A8}.Prod|Any CPU.ActiveCfg = Prod|Any CPU
		{33501DF6-6C14-4135-8271-D3B9557483A8}.Prod|Any CPU.Build.0 = Prod|Any CPU
		{33501DF6-6C14-4135-8271-D3B9557483A8}.Test|Any CPU.ActiveCfg = Test|Any CPU
		{33501DF6-6C14-4135-8271-D3B9557483A8}.Test|Any CPU.Build.0 = Test|Any CPU
		{A2480340-E1AE-49F7-94B2-5B942C6BB3C1}.Dev|Any CPU.ActiveCfg = Dev|Any CPU
		{A2480340-E1AE-49F7-94B2-5B942C6BB3C1}.Dev|Any CPU.Build.0 = Dev|Any CPU
		{A2480340-E1AE-49F7-94B2-5B942C6BB3C1}.Prod|Any CPU.ActiveCfg = Prod|Any CPU
		{A2480340-E1AE-49F7-94B2-5B942C6BB3C1}.Prod|Any CPU.Build.0 = Prod|Any CPU
		{A2480340-E1AE-49F7-94B2-5B942C6BB3C1}.Test|Any CPU.ActiveCfg = Test|Any CPU
		{A2480340-E1AE-49F7-94B2-5B942C6BB3C1}.Test|Any CPU.Build.0 = Test|Any CPU
		{442575D8-94E5-4D8E-86BB-CA97B314CA55}.Dev|Any CPU.ActiveCfg = Dev|Any CPU
		{442575D8-94E5-4D8E-86BB-CA97B314CA55}.Dev|Any CPU.Build.0 = Dev|Any CPU
		{442575D8-94E5-4D8E-86BB-CA97B314CA55}.Prod|Any CPU.ActiveCfg = Prod|Any CPU
		{442575D8-94E5-4D8E-86BB-CA97B314CA55}.Prod|Any CPU.Build.0 = Prod|Any CPU
		{442575D8-94E5-4D8E-86BB-CA97B314CA55}.Test|Any CPU.ActiveCfg = Test|Any CPU
		{442575D8-94E5-4D8E-86BB-CA97B314CA55}.Test|Any CPU.Build.0 = Test|Any CPU
		{EEB87D21-BEC4-4ED8-BDD6-9450A2885252}.Dev|Any CPU.ActiveCfg = Dev|Any CPU
		{EEB87D21-BEC4-4ED8-BDD6-9450A2885252}.Dev|Any CPU.Build.0 = Dev|Any CPU
		{EEB87D21-BEC4-4ED8-BDD6-9450A2885252}.Prod|Any CPU.ActiveCfg = Prod|Any CPU
		{EEB87D21-BEC4-4ED8-BDD6-9450A2885252}.Prod|Any CPU.Build.0 = Prod|Any CPU
		{EEB87D21-BEC4-4ED8-BDD6-9450A2885252}.Test|Any CPU.ActiveCfg = Test|Any CPU
		{EEB87D21-BEC4-4ED8-BDD6-9450A2885252}.Test|Any CPU.Build.0 = Test|Any CPU
		{3E88D184-F9DD-41F4-AF55-4BF2C19089F2}.Dev|Any CPU.ActiveCfg = Dev|Any CPU
		{3E88D184-F9DD-41F4-AF55-4BF2C19089F2}.Dev|Any CPU.Build.0 = Dev|Any CPU
		{3E88D184-F9DD-41F4-AF55-4BF2C19089F2}.Prod|Any CPU.ActiveCfg = Prod|Any CPU
		{3E88D184-F9DD-41F4-AF55-4BF2C19089F2}.Prod|Any CPU.Build.0 = Prod|Any CPU
		{3E88D184-F9DD-41F4-AF55-4BF2C19089F2}.Test|Any CPU.ActiveCfg = Test|Any CPU
		{3E88D184-F9DD-41F4-AF55-4BF2C19089F2}.Test|Any CPU.Build.0 = Test|Any CPU
		{5BE56E5E-B153-418C-BCFD-DF58E48E6EF5}.Dev|Any CPU.ActiveCfg = Dev|Any CPU
		{5BE56E5E-B153-418C-BCFD-DF58E48E6EF5}.Dev|Any CPU.Build.0 = Dev|Any CPU
		{5BE56E5E-B153-418C-BCFD-DF58E48E6EF5}.Prod|Any CPU.ActiveCfg = Prod|Any CPU
		{5BE56E5E-B153-418C-BCFD-DF58E48E6EF5}.Prod|Any CPU.Build.0 = Prod|Any CPU
		{5BE56E5E-B153-418C-BCFD-DF58E48E6EF5}.Test|Any CPU.ActiveCfg = Test|Any CPU
		{5BE56E5E-B153-418C-BCFD-DF58E48E6EF5}.Test|Any CPU.Build.0 = Test|Any CPU
		{98029ED8-1641-4223-AF34-6A45539D5228}.Dev|Any CPU.ActiveCfg = Dev|Any CPU
		{98029ED8-1641-4223-AF34-6A45539D5228}.Dev|Any CPU.Build.0 = Dev|Any CPU
		{98029ED8-1641-4223-AF34-6A45539D5228}.Prod|Any CPU.ActiveCfg = Prod|Any CPU
		{98029ED8-1641-4223-AF34-6A45539D5228}.Prod|Any CPU.Build.0 = Prod|Any CPU
		{98029ED8-1641-4223-AF34-6A45539D5228}.Test|Any CPU.ActiveCfg = Test|Any CPU
		{98029ED8-1641-4223-AF34-6A45539D5228}.Test|Any CPU.Build.0 = Test|Any CPU
		{83C343BE-8957-4FEC-8BF9-DB359E3F798B}.Dev|Any CPU.ActiveCfg = Dev|Any CPU
		{83C343BE-8957-4FEC-8BF9-DB359E3F798B}.Dev|Any CPU.Build.0 = Dev|Any CPU
		{83C343BE-8957-4FEC-8BF9-DB359E3F798B}.Prod|Any CPU.ActiveCfg = Prod|Any CPU
		{83C343BE-8957-4FEC-8BF9-DB359E3F798B}.Prod|Any CPU.Build.0 = Prod|Any CPU
		{83C343BE-8957-4FEC-8BF9-DB359E3F798B}.Test|Any CPU.ActiveCfg = Test|Any CPU
		{83C343BE-8957-4FEC-8BF9-DB359E3F798B}.Test|Any CPU.Build.0 = Test|Any CPU
		{BB82B22F-CA65-4A57-8F97-9DF1CC82AE72}.Dev|Any CPU.ActiveCfg = Dev|Any CPU
		{BB82B22F-CA65-4A57-8F97-9DF1CC82AE72}.Dev|Any CPU.Build.0 = Dev|Any CPU
		{BB82B22F-CA65-4A57-8F97-9DF1CC82AE72}.Prod|Any CPU.ActiveCfg = Prod|Any CPU
		{BB82B22F-CA65-4A57-8F97-9DF1CC82AE72}.Prod|Any CPU.Build.0 = Prod|Any CPU
		{BB82B22F-CA65-4A57-8F97-9DF1CC82AE72}.Test|Any CPU.ActiveCfg = Test|Any CPU
		{BB82B22F-CA65-4A57-8F97-9DF1CC82AE72}.Test|Any CPU.Build.0 = Test|Any CPU
		{FB7420AF-F392-4E87-89E0-D8126CC353D8}.Dev|Any CPU.ActiveCfg = Dev|Any CPU
		{FB7420AF-F392-4E87-89E0-D8126CC353D8}.Dev|Any CPU.Build.0 = Dev|Any CPU
		{FB7420AF-F392-4E87-89E0-D8126CC353D8}.Prod|Any CPU.ActiveCfg = Prod|Any CPU
		{FB7420AF-F392-4E87-89E0-D8126CC353D8}.Prod|Any CPU.Build.0 = Prod|Any CPU
		{FB7420AF-F392-4E87-89E0-D8126CC353D8}.Test|Any CPU.ActiveCfg = Test|Any CPU
		{FB7420AF-F392-4E87-89E0-D8126CC353D8}.Test|Any CPU.Build.0 = Test|Any CPU
	EndGlobalSection
	GlobalSection(SolutionProperties) = preSolution
		HideSolutionNode = FALSE
	EndGlobalSection
	GlobalSection(NestedProjects) = preSolution
		{33501DF6-6C14-4135-8271-D3B9557483A8} = {49BA55BA-94F1-4959-8B79-F2F6D9676BE2}
		{A2480340-E1AE-49F7-94B2-5B942C6BB3C1} = {B9AECCFA-E013-49B4-9B59-D3B266C7F11C}
		{442575D8-94E5-4D8E-86BB-CA97B314CA55} = {B9AECCFA-E013-49B4-9B59-D3B266C7F11C}
		{EEB87D21-BEC4-4ED8-BDD6-9450A2885252} = {B9AECCFA-E013-49B4-9B59-D3B266C7F11C}
		{3E88D184-F9DD-41F4-AF55-4BF2C19089F2} = {7BAF0826-9030-442E-AD1D-2D930D220D89}
		{5BE56E5E-B153-418C-BCFD-DF58E48E6EF5} = {7BAF0826-9030-442E-AD1D-2D930D220D89}
		{98029ED8-1641-4223-AF34-6A45539D5228} = {9649F0AB-0C1D-4938-92EA-2873823D7268}
		{83C343BE-8957-4FEC-8BF9-DB359E3F798B} = {9649F0AB-0C1D-4938-92EA-2873823D7268}
		{BB82B22F-CA65-4A57-8F97-9DF1CC82AE72} = {9649F0AB-0C1D-4938-92EA-2873823D7268}
		{FB7420AF-F392-4E87-89E0-D8126CC353D8} = {8C94EB85-66DE-4729-B44C-A3FB538D55F4}
	EndGlobalSection
	GlobalSection(ExtensibilityGlobals) = postSolution
		SolutionGuid = {17C9AE0D-50A6-4AA9-99DA-D6239B285029}
	EndGlobalSection
EndGlobal
